
Microsoft Visual Studio Solution File, Format Version 12.00
# Visual Studio Version 16
VisualStudioVersion = 16.0.30320.27
MinimumVisualStudioVersion = 10.0.40219.1
Project("{9A19103F-16F7-4668-BE54-9A1E7A4F7556}") = "UnitTestExample", "UnitTestExample.csproj", "{4E39C544-A210-4A31-859F-1D5288A759B9}"
EndProject
Project("{FAE04EC0-301F-11D3-BF4B-00C04F79EFBC}") = "UnitTest", "..\NUnitTestProject1\UnitTest\UnitTest.csproj", "{8E8B981D-A3E2-4E34-8D99-80A36653BF43}"
EndProject
Global
	GlobalSection(SolutionConfigurationPlatforms) = preSolution
		Debug|Any CPU = Debug|Any CPU
		Release|Any CPU = Release|Any CPU
	EndGlobalSection
	GlobalSection(ProjectConfigurationPlatforms) = postSolution
		{4E39C544-A210-4A31-859F-1D5288A759B9}.Debug|Any CPU.ActiveCfg = Debug|Any CPU
		{4E39C544-A210-4A31-859F-1D5288A759B9}.Debug|Any CPU.Build.0 = Debug|Any CPU
		{4E39C544-A210-4A31-859F-1D5288A759B9}.Release|Any CPU.ActiveCfg = Release|Any CPU
		{4E39C544-A210-4A31-859F-1D5288A759B9}.Release|Any CPU.Build.0 = Release|Any CPU
		{8E8B981D-A3E2-4E34-8D99-80A36653BF43}.Debug|Any CPU.ActiveCfg = Debug|Any CPU
		{8E8B981D-A3E2-4E34-8D99-80A36653BF43}.Debug|Any CPU.Build.0 = Debug|Any CPU
		{8E8B981D-A3E2-4E34-8D99-80A36653BF43}.Release|Any CPU.ActiveCfg = Release|Any CPU
		{8E8B981D-A3E2-4E34-8D99-80A36653BF43}.Release|Any CPU.Build.0 = Release|Any CPU
	EndGlobalSection
	GlobalSection(SolutionProperties) = preSolution
		HideSolutionNode = FALSE
	EndGlobalSection
	GlobalSection(ExtensibilityGlobals) = postSolution
		SolutionGuid = {FE0E437F-1BDA-43AD-9E93-74237A715B0E}
	EndGlobalSection
EndGlobal
